
Microsoft Visual Studio Solution File, Format Version 12.00
# Visual Studio 2013
VisualStudioVersion = 12.0.31101.0
MinimumVisualStudioVersion = 10.0.40219.1
Project("{FAE04EC0-301F-11D3-BF4B-00C04F79EFBC}") = "RazorTemplatingSample.Web", "RazorTemplatingSample.Web\RazorTemplatingSample.Web.csproj", "{FBAD153F-F5F9-48F4-AC53-204542CA9B5D}"
EndProject
Project("{FAE04EC0-301F-11D3-BF4B-00C04F79EFBC}") = "RazorTemplatingSample.Console", "RazorTemplatingSample.Console\RazorTemplatingSample.Console.csproj", "{629D30EB-8A86-4431-B711-6EF5FCF8CF9B}"
EndProject
Global
	GlobalSection(SolutionConfigurationPlatforms) = preSolution
		Debug|Any CPU = Debug|Any CPU
		Release|Any CPU = Release|Any CPU
	EndGlobalSection
	GlobalSection(ProjectConfigurationPlatforms) = postSolution
		{FBAD153F-F5F9-48F4-AC53-204542CA9B5D}.Debug|Any CPU.ActiveCfg = Debug|Any CPU
		{FBAD153F-F5F9-48F4-AC53-204542CA9B5D}.Debug|Any CPU.Build.0 = Debug|Any CPU
		{FBAD153F-F5F9-48F4-AC53-204542CA9B5D}.Release|Any CPU.ActiveCfg = Release|Any CPU
		{FBAD153F-F5F9-48F4-AC53-204542CA9B5D}.Release|Any CPU.Build.0 = Release|Any CPU
		{629D30EB-8A86-4431-B711-6EF5FCF8CF9B}.Debug|Any CPU.ActiveCfg = Debug|Any CPU
		{629D30EB-8A86-4431-B711-6EF5FCF8CF9B}.Debug|Any CPU.Build.0 = Debug|Any CPU
		{629D30EB-8A86-4431-B711-6EF5FCF8CF9B}.Release|Any CPU.ActiveCfg = Release|Any CPU
		{629D30EB-8A86-4431-B711-6EF5FCF8CF9B}.Release|Any CPU.Build.0 = Release|Any CPU
	EndGlobalSection
	GlobalSection(SolutionProperties) = preSolution
		HideSolutionNode = FALSE
	EndGlobalSection
EndGlobal
